// !$*UTF8*$!
{
	archiveVersion = 1;
	classes = {
	};
	objectVersion = 48;
	objects = {

/* Begin PBXBuildFile section */
		AA441DF31FACBA6500266C24 /* AppDelegate.swift in Sources */ = {isa = PBXBuildFile; fileRef = AA441DF21FACBA6500266C24 /* AppDelegate.swift */; };
		AA441DF51FACBA6500266C24 /* ViewController.swift in Sources */ = {isa = PBXBuildFile; fileRef = AA441DF41FACBA6500266C24 /* ViewController.swift */; };
		AA441DF81FACBA6500266C24 /* Main.storyboard in Resources */ = {isa = PBXBuildFile; fileRef = AA441DF61FACBA6500266C24 /* Main.storyboard */; };
		AA441DFA1FACBA6500266C24 /* Assets.xcassets in Resources */ = {isa = PBXBuildFile; fileRef = AA441DF91FACBA6500266C24 /* Assets.xcassets */; };
		AA441DFD1FACBA6500266C24 /* LaunchScreen.storyboard in Resources */ = {isa = PBXBuildFile; fileRef = AA441DFB1FACBA6500266C24 /* LaunchScreen.storyboard */; };
		AA441E081FACBA6500266C24 /* testappTests.swift in Sources */ = {isa = PBXBuildFile; fileRef = AA441E071FACBA6500266C24 /* testappTests.swift */; };
		AA441E131FACBA6600266C24 /* testappUITests.swift in Sources */ = {isa = PBXBuildFile; fileRef = AA441E121FACBA6600266C24 /* testappUITests.swift */; };
/* End PBXBuildFile section */

/* Begin PBXContainerItemProxy section */
		AA441E041FACBA6500266C24 /* PBXContainerItemProxy */ = {
			isa = PBXContainerItemProxy;
			containerPortal = AA441DE71FACBA6500266C24 /* Project object */;
			proxyType = 1;
			remoteGlobalIDString = AA441DEE1FACBA6500266C24;
			remoteInfo = testapp;
		};
		AA441E0F1FACBA6600266C24 /* PBXContainerItemProxy */ = {
			isa = PBXContainerItemProxy;
			containerPortal = AA441DE71FACBA6500266C24 /* Project object */;
			proxyType = 1;
			remoteGlobalIDString = AA441DEE1FACBA6500266C24;
			remoteInfo = testapp;
		};
/* End PBXContainerItemProxy section */

/* Begin PBXFileReference section */
		AA441DEF1FACBA6500266C24 /* testapp.app */ = {isa = PBXFileReference; explicitFileType = wrapper.application; includeInIndex = 0; path = testapp.app; sourceTree = BUILT_PRODUCTS_DIR; };
		AA441DF21FACBA6500266C24 /* AppDelegate.swift */ = {isa = PBXFileReference; lastKnownFileType = sourcecode.swift; path = AppDelegate.swift; sourceTree = "<group>"; };
		AA441DF41FACBA6500266C24 /* ViewController.swift */ = {isa = PBXFileReference; lastKnownFileType = sourcecode.swift; path = ViewController.swift; sourceTree = "<group>"; };
		AA441DF71FACBA6500266C24 /* Base */ = {isa = PBXFileReference; lastKnownFileType = file.storyboard; name = Base; path = Base.lproj/Main.storyboard; sourceTree = "<group>"; };
		AA441DF91FACBA6500266C24 /* Assets.xcassets */ = {isa = PBXFileReference; lastKnownFileType = folder.assetcatalog; path = Assets.xcassets; sourceTree = "<group>"; };
		AA441DFC1FACBA6500266C24 /* Base */ = {isa = PBXFileReference; lastKnownFileType = file.storyboard; name = Base; path = Base.lproj/LaunchScreen.storyboard; sourceTree = "<group>"; };
		AA441DFE1FACBA6500266C24 /* Info.plist */ = {isa = PBXFileReference; lastKnownFileType = text.plist.xml; path = Info.plist; sourceTree = "<group>"; };
		AA441E031FACBA6500266C24 /* testappTests.xctest */ = {isa = PBXFileReference; explicitFileType = wrapper.cfbundle; includeInIndex = 0; path = testappTests.xctest; sourceTree = BUILT_PRODUCTS_DIR; };
		AA441E071FACBA6500266C24 /* testappTests.swift */ = {isa = PBXFileReference; lastKnownFileType = sourcecode.swift; path = testappTests.swift; sourceTree = "<group>"; };
		AA441E091FACBA6500266C24 /* Info.plist */ = {isa = PBXFileReference; lastKnownFileType = text.plist.xml; path = Info.plist; sourceTree = "<group>"; };
		AA441E0E1FACBA6500266C24 /* testappUITests.xctest */ = {isa = PBXFileReference; explicitFileType = wrapper.cfbundle; includeInIndex = 0; path = testappUITests.xctest; sourceTree = BUILT_PRODUCTS_DIR; };
		AA441E121FACBA6600266C24 /* testappUITests.swift */ = {isa = PBXFileReference; lastKnownFileType = sourcecode.swift; path = testappUITests.swift; sourceTree = "<group>"; };
		AA441E141FACBA6600266C24 /* Info.plist */ = {isa = PBXFileReference; lastKnownFileType = text.plist.xml; path = Info.plist; sourceTree = "<group>"; };
/* End PBXFileReference section */

/* Begin PBXFrameworksBuildPhase section */
		AA441DEC1FACBA6500266C24 /* Frameworks */ = {
			isa = PBXFrameworksBuildPhase;
			buildActionMask = 2147483647;
			files = (
			);
			runOnlyForDeploymentPostprocessing = 0;
		};
		AA441E001FACBA6500266C24 /* Frameworks */ = {
			isa = PBXFrameworksBuildPhase;
			buildActionMask = 2147483647;
			files = (
			);
			runOnlyForDeploymentPostprocessing = 0;
		};
		AA441E0B1FACBA6500266C24 /* Frameworks */ = {
			isa = PBXFrameworksBuildPhase;
			buildActionMask = 2147483647;
			files = (
			);
			runOnlyForDeploymentPostprocessing = 0;
		};
/* End PBXFrameworksBuildPhase section */

/* Begin PBXGroup section */
		AA441DE61FACBA6500266C24 = {
			isa = PBXGroup;
			children = (
				AA441DF11FACBA6500266C24 /* testapp */,
				AA441E061FACBA6500266C24 /* testappTests */,
				AA441E111FACBA6600266C24 /* testappUITests */,
				AA441DF01FACBA6500266C24 /* Products */,
			);
			sourceTree = "<group>";
		};
		AA441DF01FACBA6500266C24 /* Products */ = {
			isa = PBXGroup;
			children = (
				AA441DEF1FACBA6500266C24 /* testapp.app */,
				AA441E031FACBA6500266C24 /* testappTests.xctest */,
				AA441E0E1FACBA6500266C24 /* testappUITests.xctest */,
			);
			name = Products;
			sourceTree = "<group>";
		};
		AA441DF11FACBA6500266C24 /* testapp */ = {
			isa = PBXGroup;
			children = (
				AA441DF21FACBA6500266C24 /* AppDelegate.swift */,
				AA441DF41FACBA6500266C24 /* ViewController.swift */,
				AA441DF61FACBA6500266C24 /* Main.storyboard */,
				AA441DF91FACBA6500266C24 /* Assets.xcassets */,
				AA441DFB1FACBA6500266C24 /* LaunchScreen.storyboard */,
				AA441DFE1FACBA6500266C24 /* Info.plist */,
			);
			path = testapp;
			sourceTree = "<group>";
		};
		AA441E061FACBA6500266C24 /* testappTests */ = {
			isa = PBXGroup;
			children = (
				AA441E071FACBA6500266C24 /* testappTests.swift */,
				AA441E091FACBA6500266C24 /* Info.plist */,
			);
			path = testappTests;
			sourceTree = "<group>";
		};
		AA441E111FACBA6600266C24 /* testappUITests */ = {
			isa = PBXGroup;
			children = (
				AA441E121FACBA6600266C24 /* testappUITests.swift */,
				AA441E141FACBA6600266C24 /* Info.plist */,
			);
			path = testappUITests;
			sourceTree = "<group>";
		};
/* End PBXGroup section */

/* Begin PBXNativeTarget section */
		AA441DEE1FACBA6500266C24 /* testapp */ = {
			isa = PBXNativeTarget;
			buildConfigurationList = AA441E171FACBA6600266C24 /* Build configuration list for PBXNativeTarget "testapp" */;
			buildPhases = (
				AA441DEB1FACBA6500266C24 /* Sources */,
				AA441DEC1FACBA6500266C24 /* Frameworks */,
				AA441DED1FACBA6500266C24 /* Resources */,
			);
			buildRules = (
			);
			dependencies = (
			);
			name = testapp;
			productName = testapp;
			productReference = AA441DEF1FACBA6500266C24 /* testapp.app */;
			productType = "com.apple.product-type.application";
		};
		AA441E021FACBA6500266C24 /* testappTests */ = {
			isa = PBXNativeTarget;
			buildConfigurationList = AA441E1A1FACBA6600266C24 /* Build configuration list for PBXNativeTarget "testappTests" */;
			buildPhases = (
				AA441DFF1FACBA6500266C24 /* Sources */,
				AA441E001FACBA6500266C24 /* Frameworks */,
				AA441E011FACBA6500266C24 /* Resources */,
			);
			buildRules = (
			);
			dependencies = (
				AA441E051FACBA6500266C24 /* PBXTargetDependency */,
			);
			name = testappTests;
			productName = testappTests;
			productReference = AA441E031FACBA6500266C24 /* testappTests.xctest */;
			productType = "com.apple.product-type.bundle.unit-test";
		};
		AA441E0D1FACBA6500266C24 /* testappUITests */ = {
			isa = PBXNativeTarget;
			buildConfigurationList = AA441E1D1FACBA6600266C24 /* Build configuration list for PBXNativeTarget "testappUITests" */;
			buildPhases = (
				AA441E0A1FACBA6500266C24 /* Sources */,
				AA441E0B1FACBA6500266C24 /* Frameworks */,
				AA441E0C1FACBA6500266C24 /* Resources */,
			);
			buildRules = (
			);
			dependencies = (
				AA441E101FACBA6600266C24 /* PBXTargetDependency */,
			);
			name = testappUITests;
			productName = testappUITests;
			productReference = AA441E0E1FACBA6500266C24 /* testappUITests.xctest */;
			productType = "com.apple.product-type.bundle.ui-testing";
		};
/* End PBXNativeTarget section */

/* Begin PBXProject section */
		AA441DE71FACBA6500266C24 /* Project object */ = {
			isa = PBXProject;
			attributes = {
				LastSwiftUpdateCheck = 0910;
				LastUpgradeCheck = 0910;
				ORGANIZATIONNAME = seo;
				TargetAttributes = {
					AA441DEE1FACBA6500266C24 = {
						CreatedOnToolsVersion = 9.1;
						ProvisioningStyle = Automatic;
					};
					AA441E021FACBA6500266C24 = {
						CreatedOnToolsVersion = 9.1;
						ProvisioningStyle = Automatic;
						TestTargetID = AA441DEE1FACBA6500266C24;
					};
					AA441E0D1FACBA6500266C24 = {
						CreatedOnToolsVersion = 9.1;
						ProvisioningStyle = Automatic;
						TestTargetID = AA441DEE1FACBA6500266C24;
					};
				};
			};
			buildConfigurationList = AA441DEA1FACBA6500266C24 /* Build configuration list for PBXProject "testapp" */;
			compatibilityVersion = "Xcode 8.0";
			developmentRegion = en;
			hasScannedForEncodings = 0;
			knownRegions = (
				en,
				Base,
			);
			mainGroup = AA441DE61FACBA6500266C24;
			productRefGroup = AA441DF01FACBA6500266C24 /* Products */;
			projectDirPath = "";
			projectRoot = "";
			targets = (
				AA441DEE1FACBA6500266C24 /* testapp */,
				AA441E021FACBA6500266C24 /* testappTests */,
				AA441E0D1FACBA6500266C24 /* testappUITests */,
			);
		};
/* End PBXProject section */

/* Begin PBXResourcesBuildPhase section */
		AA441DED1FACBA6500266C24 /* Resources */ = {
			isa = PBXResourcesBuildPhase;
			buildActionMask = 2147483647;
			files = (
				AA441DFD1FACBA6500266C24 /* LaunchScreen.storyboard in Resources */,
				AA441DFA1FACBA6500266C24 /* Assets.xcassets in Resources */,
				AA441DF81FACBA6500266C24 /* Main.storyboard in Resources */,
			);
			runOnlyForDeploymentPostprocessing = 0;
		};
		AA441E011FACBA6500266C24 /* Resources */ = {
			isa = PBXResourcesBuildPhase;
			buildActionMask = 2147483647;
			files = (
			);
			runOnlyForDeploymentPostprocessing = 0;
		};
		AA441E0C1FACBA6500266C24 /* Resources */ = {
			isa = PBXResourcesBuildPhase;
			buildActionMask = 2147483647;
			files = (
			);
			runOnlyForDeploymentPostprocessing = 0;
		};
/* End PBXResourcesBuildPhase section */

/* Begin PBXSourcesBuildPhase section */
		AA441DEB1FACBA6500266C24 /* Sources */ = {
			isa = PBXSourcesBuildPhase;
			buildActionMask = 2147483647;
			files = (
				AA441DF51FACBA6500266C24 /* ViewController.swift in Sources */,
				AA441DF31FACBA6500266C24 /* AppDelegate.swift in Sources */,
			);
			runOnlyForDeploymentPostprocessing = 0;
		};
		AA441DFF1FACBA6500266C24 /* Sources */ = {
			isa = PBXSourcesBuildPhase;
			buildActionMask = 2147483647;
			files = (
				AA441E081FACBA6500266C24 /* testappTests.swift in Sources */,
			);
			runOnlyForDeploymentPostprocessing = 0;
		};
		AA441E0A1FACBA6500266C24 /* Sources */ = {
			isa = PBXSourcesBuildPhase;
			buildActionMask = 2147483647;
			files = (
				AA441E131FACBA6600266C24 /* testappUITests.swift in Sources */,
			);
			runOnlyForDeploymentPostprocessing = 0;
		};
/* End PBXSourcesBuildPhase section */

/* Begin PBXTargetDependency section */
		AA441E051FACBA6500266C24 /* PBXTargetDependency */ = {
			isa = PBXTargetDependency;
			target = AA441DEE1FACBA6500266C24 /* testapp */;
			targetProxy = AA441E041FACBA6500266C24 /* PBXContainerItemProxy */;
		};
		AA441E101FACBA6600266C24 /* PBXTargetDependency */ = {
			isa = PBXTargetDependency;
			target = AA441DEE1FACBA6500266C24 /* testapp */;
			targetProxy = AA441E0F1FACBA6600266C24 /* PBXContainerItemProxy */;
		};
/* End PBXTargetDependency section */

/* Begin PBXVariantGroup section */
		AA441DF61FACBA6500266C24 /* Main.storyboard */ = {
			isa = PBXVariantGroup;
			children = (
				AA441DF71FACBA6500266C24 /* Base */,
			);
			name = Main.storyboard;
			sourceTree = "<group>";
		};
		AA441DFB1FACBA6500266C24 /* LaunchScreen.storyboard */ = {
			isa = PBXVariantGroup;
			children = (
				AA441DFC1FACBA6500266C24 /* Base */,
			);
			name = LaunchScreen.storyboard;
			sourceTree = "<group>";
		};
/* End PBXVariantGroup section */

/* Begin XCBuildConfiguration section */
		AA441E151FACBA6600266C24 /* Debug */ = {
			isa = XCBuildConfiguration;
			buildSettings = {
				ALWAYS_SEARCH_USER_PATHS = NO;
				CLANG_ANALYZER_NONNULL = YES;
				CLANG_ANALYZER_NUMBER_OBJECT_CONVERSION = YES_AGGRESSIVE;
				CLANG_CXX_LANGUAGE_STANDARD = "gnu++14";
				CLANG_CXX_LIBRARY = "libc++";
				CLANG_ENABLE_MODULES = YES;
				CLANG_ENABLE_OBJC_ARC = YES;
				CLANG_WARN_BLOCK_CAPTURE_AUTORELEASING = YES;
				CLANG_WARN_BOOL_CONVERSION = YES;
				CLANG_WARN_COMMA = YES;
				CLANG_WARN_CONSTANT_CONVERSION = YES;
				CLANG_WARN_DIRECT_OBJC_ISA_USAGE = YES_ERROR;
				CLANG_WARN_DOCUMENTATION_COMMENTS = YES;
				CLANG_WARN_EMPTY_BODY = YES;
				CLANG_WARN_ENUM_CONVERSION = YES;
				CLANG_WARN_INFINITE_RECURSION = YES;
				CLANG_WARN_INT_CONVERSION = YES;
				CLANG_WARN_NON_LITERAL_NULL_CONVERSION = YES;
				CLANG_WARN_OBJC_LITERAL_CONVERSION = YES;
				CLANG_WARN_OBJC_ROOT_CLASS = YES_ERROR;
				CLANG_WARN_RANGE_LOOP_ANALYSIS = YES;
				CLANG_WARN_STRICT_PROTOTYPES = YES;
				CLANG_WARN_SUSPICIOUS_MOVE = YES;
				CLANG_WARN_UNGUARDED_AVAILABILITY = YES_AGGRESSIVE;
				CLANG_WARN_UNREACHABLE_CODE = YES;
				CLANG_WARN__DUPLICATE_METHOD_MATCH = YES;
				CODE_SIGN_IDENTITY = "iPhone Developer";
				COPY_PHASE_STRIP = NO;
				DEBUG_INFORMATION_FORMAT = dwarf;
				ENABLE_STRICT_OBJC_MSGSEND = YES;
				ENABLE_TESTABILITY = YES;
				GCC_C_LANGUAGE_STANDARD = gnu11;
				GCC_DYNAMIC_NO_PIC = NO;
				GCC_NO_COMMON_BLOCKS = YES;
				GCC_OPTIMIZATION_LEVEL = 0;
				GCC_PREPROCESSOR_DEFINITIONS = (
					"DEBUG=1",
					"$(inherited)",
				);
				GCC_WARN_64_TO_32_BIT_CONVERSION = YES;
				GCC_WARN_ABOUT_RETURN_TYPE = YES_ERROR;
				GCC_WARN_UNDECLARED_SELECTOR = YES;
				GCC_WARN_UNINITIALIZED_AUTOS = YES_AGGRESSIVE;
				GCC_WARN_UNUSED_FUNCTION = YES;
				GCC_WARN_UNUSED_VARIABLE = YES;
				IPHONEOS_DEPLOYMENT_TARGET = 11.1;
				MTL_ENABLE_DEBUG_INFO = YES;
				ONLY_ACTIVE_ARCH = YES;
				SDKROOT = iphoneos;
				SWIFT_ACTIVE_COMPILATION_CONDITIONS = DEBUG;
				SWIFT_OPTIMIZATION_LEVEL = "-Onone";
			};
			name = Debug;
		};
		AA441E161FACBA6600266C24 /* Release */ = {
			isa = XCBuildConfiguration;
			buildSettings = {
				ALWAYS_SEARCH_USER_PATHS = NO;
				CLANG_ANALYZER_NONNULL = YES;
				CLANG_ANALYZER_NUMBER_OBJECT_CONVERSION = YES_AGGRESSIVE;
				CLANG_CXX_LANGUAGE_STANDARD = "gnu++14";
				CLANG_CXX_LIBRARY = "libc++";
				CLANG_ENABLE_MODULES = YES;
				CLANG_ENABLE_OBJC_ARC = YES;
				CLANG_WARN_BLOCK_CAPTURE_AUTORELEASING = YES;
				CLANG_WARN_BOOL_CONVERSION = YES;
				CLANG_WARN_COMMA = YES;
				CLANG_WARN_CONSTANT_CONVERSION = YES;
				CLANG_WARN_DIRECT_OBJC_ISA_USAGE = YES_ERROR;
				CLANG_WARN_DOCUMENTATION_COMMENTS = YES;
				CLANG_WARN_EMPTY_BODY = YES;
				CLANG_WARN_ENUM_CONVERSION = YES;
				CLANG_WARN_INFINITE_RECURSION = YES;
				CLANG_WARN_INT_CONVERSION = YES;
				CLANG_WARN_NON_LITERAL_NULL_CONVERSION = YES;
				CLANG_WARN_OBJC_LITERAL_CONVERSION = YES;
				CLANG_WARN_OBJC_ROOT_CLASS = YES_ERROR;
				CLANG_WARN_RANGE_LOOP_ANALYSIS = YES;
				CLANG_WARN_STRICT_PROTOTYPES = YES;
				CLANG_WARN_SUSPICIOUS_MOVE = YES;
				CLANG_WARN_UNGUARDED_AVAILABILITY = YES_AGGRESSIVE;
				CLANG_WARN_UNREACHABLE_CODE = YES;
				CLANG_WARN__DUPLICATE_METHOD_MATCH = YES;
				CODE_SIGN_IDENTITY = "iPhone Developer";
				COPY_PHASE_STRIP = NO;
				DEBUG_INFORMATION_FORMAT = "dwarf-with-dsym";
				ENABLE_NS_ASSERTIONS = NO;
				ENABLE_STRICT_OBJC_MSGSEND = YES;
				GCC_C_LANGUAGE_STANDARD = gnu11;
				GCC_NO_COMMON_BLOCKS = YES;
				GCC_WARN_64_TO_32_BIT_CONVERSION = YES;
				GCC_WARN_ABOUT_RETURN_TYPE = YES_ERROR;
				GCC_WARN_UNDECLARED_SELECTOR = YES;
				GCC_WARN_UNINITIALIZED_AUTOS = YES_AGGRESSIVE;
				GCC_WARN_UNUSED_FUNCTION = YES;
				GCC_WARN_UNUSED_VARIABLE = YES;
				IPHONEOS_DEPLOYMENT_TARGET = 11.1;
				MTL_ENABLE_DEBUG_INFO = NO;
				SDKROOT = iphoneos;
				SWIFT_OPTIMIZATION_LEVEL = "-Owholemodule";
				VALIDATE_PRODUCT = YES;
			};
			name = Release;
		};
		AA441E181FACBA6600266C24 /* Debug */ = {
			isa = XCBuildConfiguration;
			buildSettings = {
				ASSETCATALOG_COMPILER_APPICON_NAME = AppIcon;
				CODE_SIGN_STYLE = Automatic;
				DEVELOPMENT_TEAM = 7SQL894E3T;
				INFOPLIST_FILE = testapp/Info.plist;
				LD_RUNPATH_SEARCH_PATHS = "$(inherited) @executable_path/Frameworks";
				PRODUCT_BUNDLE_IDENTIFIER = seo.testapp;
				PRODUCT_NAME = "$(TARGET_NAME)";
				SWIFT_VERSION = 4.0;
				TARGETED_DEVICE_FAMILY = "1,2";
			};
			name = Debug;
		};
		AA441E191FACBA6600266C24 /* Release */ = {
			isa = XCBuildConfiguration;
			buildSettings = {
				ASSETCATALOG_COMPILER_APPICON_NAME = AppIcon;
				CODE_SIGN_STYLE = Automatic;
				DEVELOPMENT_TEAM = 7SQL894E3T;
				INFOPLIST_FILE = testapp/Info.plist;
				LD_RUNPATH_SEARCH_PATHS = "$(inherited) @executable_path/Frameworks";
				PRODUCT_BUNDLE_IDENTIFIER = seo.testapp;
				PRODUCT_NAME = "$(TARGET_NAME)";
				SWIFT_VERSION = 4.0;
				TARGETED_DEVICE_FAMILY = "1,2";
			};
			name = Release;
		};
		AA441E1B1FACBA6600266C24 /* Debug */ = {
			isa = XCBuildConfiguration;
			buildSettings = {
				ALWAYS_EMBED_SWIFT_STANDARD_LIBRARIES = YES;
				BUNDLE_LOADER = "$(TEST_HOST)";
				CODE_SIGN_STYLE = Automatic;
				DEVELOPMENT_TEAM = 7SQL894E3T;
				INFOPLIST_FILE = testappTests/Info.plist;
				LD_RUNPATH_SEARCH_PATHS = "$(inherited) @executable_path/Frameworks @loader_path/Frameworks";
				PRODUCT_BUNDLE_IDENTIFIER = seo.testappTests;
				PRODUCT_NAME = "$(TARGET_NAME)";
				SWIFT_VERSION = 4.0;
				TARGETED_DEVICE_FAMILY = "1,2";
				TEST_HOST = "$(BUILT_PRODUCTS_DIR)/testapp.app/testapp";
			};
			name = Debug;
		};
		AA441E1C1FACBA6600266C24 /* Release */ = {
			isa = XCBuildConfiguration;
			buildSettings = {
				ALWAYS_EMBED_SWIFT_STANDARD_LIBRARIES = YES;
				BUNDLE_LOADER = "$(TEST_HOST)";
				CODE_SIGN_STYLE = Automatic;
				DEVELOPMENT_TEAM = 7SQL894E3T;
				INFOPLIST_FILE = testappTests/Info.plist;
				LD_RUNPATH_SEARCH_PATHS = "$(inherited) @executable_path/Frameworks @loader_path/Frameworks";
				PRODUCT_BUNDLE_IDENTIFIER = seo.testappTests;
				PRODUCT_NAME = "$(TARGET_NAME)";
				SWIFT_VERSION = 4.0;
				TARGETED_DEVICE_FAMILY = "1,2";
				TEST_HOST = "$(BUILT_PRODUCTS_DIR)/testapp.app/testapp";
			};
			name = Release;
		};
		AA441E1E1FACBA6600266C24 /* Debug */ = {
			isa = XCBuildConfiguration;
			buildSettings = {
				ALWAYS_EMBED_SWIFT_STANDARD_LIBRARIES = YES;
				CODE_SIGN_STYLE = Automatic;
				DEVELOPMENT_TEAM = 7SQL894E3T;
				INFOPLIST_FILE = testappUITests/Info.plist;
				LD_RUNPATH_SEARCH_PATHS = "$(inherited) @executable_path/Frameworks @loader_path/Frameworks";
				PRODUCT_BUNDLE_IDENTIFIER = seo.testappUITests;
				PRODUCT_NAME = "$(TARGET_NAME)";
				SWIFT_VERSION = 4.0;
				TARGETED_DEVICE_FAMILY = "1,2";
				TEST_TARGET_NAME = testapp;
			};
			name = Debug;
		};
		AA441E1F1FACBA6600266C24 /* Release */ = {
			isa = XCBuildConfiguration;
			buildSettings = {
				ALWAYS_EMBED_SWIFT_STANDARD_LIBRARIES = YES;
				CODE_SIGN_STYLE = Automatic;
				DEVELOPMENT_TEAM = 7SQL894E3T;
				INFOPLIST_FILE = testappUITests/Info.plist;
				LD_RUNPATH_SEARCH_PATHS = "$(inherited) @executable_path/Frameworks @loader_path/Frameworks";
				PRODUCT_BUNDLE_IDENTIFIER = seo.testappUITests;
				PRODUCT_NAME = "$(TARGET_NAME)";
				SWIFT_VERSION = 4.0;
				TARGETED_DEVICE_FAMILY = "1,2";
				TEST_TARGET_NAME = testapp;
			};
			name = Release;
		};
/* End XCBuildConfiguration section */

/* Begin XCConfigurationList section */
		AA441DEA1FACBA6500266C24 /* Build configuration list for PBXProject "testapp" */ = {
			isa = XCConfigurationList;
			buildConfigurations = (
				AA441E151FACBA6600266C24 /* Debug */,
				AA441E161FACBA6600266C24 /* Release */,
			);
			defaultConfigurationIsVisible = 0;
			defaultConfigurationName = Release;
		};
		AA441E171FACBA6600266C24 /* Build configuration list for PBXNativeTarget "testapp" */ = {
			isa = XCConfigurationList;
			buildConfigurations = (
				AA441E181FACBA6600266C24 /* Debug */,
				AA441E191FACBA6600266C24 /* Release */,
			);
			defaultConfigurationIsVisible = 0;
			defaultConfigurationName = Release;
		};
		AA441E1A1FACBA6600266C24 /* Build configuration list for PBXNativeTarget "testappTests" */ = {
			isa = XCConfigurationList;
			buildConfigurations = (
				AA441E1B1FACBA6600266C24 /* Debug */,
				AA441E1C1FACBA6600266C24 /* Release */,
			);
			defaultConfigurationIsVisible = 0;
			defaultConfigurationName = Release;
		};
		AA441E1D1FACBA6600266C24 /* Build configuration list for PBXNativeTarget "testappUITests" */ = {
			isa = XCConfigurationList;
			buildConfigurations = (
				AA441E1E1FACBA6600266C24 /* Debug */,
				AA441E1F1FACBA6600266C24 /* Release */,
			);
			defaultConfigurationIsVisible = 0;
			defaultConfigurationName = Release;
		};
/* End XCConfigurationList section */
	};
	rootObject = AA441DE71FACBA6500266C24 /* Project object */;
}
